
Microsoft Visual Studio Solution File, Format Version 12.00
# Visual Studio 14
VisualStudioVersion = 14.0.24720.0
MinimumVisualStudioVersion = 10.0.40219.1
Project("{FAE04EC0-301F-11D3-BF4B-00C04F79EFBC}") = "HomeWorld.Tracker.App", "HomeWorld.Tracker.App\HomeWorld.Tracker.App.csproj", "{F7018322-D631-457A-B162-ED4197EA696B}"
EndProject
Project("{FAE04EC0-301F-11D3-BF4B-00C04F79EFBC}") = "uNFC.NFC", "uNFC.NFC\uNFC.NFC.csproj", "{7A04226C-B29C-4599-80B9-633630CD8C76}"
EndProject
Project("{FAE04EC0-301F-11D3-BF4B-00C04F79EFBC}") = "uNFC.TestHarness", "uNFC.TestHarness\uNFC.TestHarness.csproj", "{F552F2A1-E994-4280-9A0D-72E1C88EEB49}"
EndProject
Project("{8BB2217D-0F2D-49D1-97BC-3654ED321F3B}") = "HomeWorld.Tracker.Web", "HomeWorld.Tracker.Web\src\Tracker\HomeWorld.Tracker.Web.xproj", "{4FED895A-68B6-4E27-BD19-CCB05A5A36DC}"
EndProject
Project("{2150E333-8FDC-42A3-9474-1A3956D46DE8}") = "Solution Items", "Solution Items", "{07EFC70B-6696-445A-B543-1AC63350C521}"
	ProjectSection(SolutionItems) = preProject
		HomeWorld.Tracker.Web\src\Tracker\global.json = HomeWorld.Tracker.Web\src\Tracker\global.json
	EndProjectSection
EndProject
Global
	GlobalSection(SolutionConfigurationPlatforms) = preSolution
		Debug|Any CPU = Debug|Any CPU
		Debug|ARM = Debug|ARM
		Debug|x64 = Debug|x64
		Debug|x86 = Debug|x86
		Release|Any CPU = Release|Any CPU
		Release|ARM = Release|ARM
		Release|x64 = Release|x64
		Release|x86 = Release|x86
	EndGlobalSection
	GlobalSection(ProjectConfigurationPlatforms) = postSolution
		{F7018322-D631-457A-B162-ED4197EA696B}.Debug|Any CPU.ActiveCfg = Debug|x86
		{F7018322-D631-457A-B162-ED4197EA696B}.Debug|ARM.ActiveCfg = Debug|ARM
		{F7018322-D631-457A-B162-ED4197EA696B}.Debug|ARM.Build.0 = Debug|ARM
		{F7018322-D631-457A-B162-ED4197EA696B}.Debug|ARM.Deploy.0 = Debug|ARM
		{F7018322-D631-457A-B162-ED4197EA696B}.Debug|x64.ActiveCfg = Debug|x64
		{F7018322-D631-457A-B162-ED4197EA696B}.Debug|x64.Build.0 = Debug|x64
		{F7018322-D631-457A-B162-ED4197EA696B}.Debug|x64.Deploy.0 = Debug|x64
		{F7018322-D631-457A-B162-ED4197EA696B}.Debug|x86.ActiveCfg = Debug|x86
		{F7018322-D631-457A-B162-ED4197EA696B}.Debug|x86.Build.0 = Debug|x86
		{F7018322-D631-457A-B162-ED4197EA696B}.Debug|x86.Deploy.0 = Debug|x86
		{F7018322-D631-457A-B162-ED4197EA696B}.Release|Any CPU.ActiveCfg = Release|x86
		{F7018322-D631-457A-B162-ED4197EA696B}.Release|ARM.ActiveCfg = Release|ARM
		{F7018322-D631-457A-B162-ED4197EA696B}.Release|ARM.Build.0 = Release|ARM
		{F7018322-D631-457A-B162-ED4197EA696B}.Release|ARM.Deploy.0 = Release|ARM
		{F7018322-D631-457A-B162-ED4197EA696B}.Release|x64.ActiveCfg = Release|x64
		{F7018322-D631-457A-B162-ED4197EA696B}.Release|x64.Build.0 = Release|x64
		{F7018322-D631-457A-B162-ED4197EA696B}.Release|x64.Deploy.0 = Release|x64
		{F7018322-D631-457A-B162-ED4197EA696B}.Release|x86.ActiveCfg = Release|x86
		{F7018322-D631-457A-B162-ED4197EA696B}.Release|x86.Build.0 = Release|x86
		{F7018322-D631-457A-B162-ED4197EA696B}.Release|x86.Deploy.0 = Release|x86
		{7A04226C-B29C-4599-80B9-633630CD8C76}.Debug|Any CPU.ActiveCfg = Debug|Any CPU
		{7A04226C-B29C-4599-80B9-633630CD8C76}.Debug|Any CPU.Build.0 = Debug|Any CPU
		{7A04226C-B29C-4599-80B9-633630CD8C76}.Debug|ARM.ActiveCfg = Debug|ARM
		{7A04226C-B29C-4599-80B9-633630CD8C76}.Debug|ARM.Build.0 = Debug|ARM
		{7A04226C-B29C-4599-80B9-633630CD8C76}.Debug|x64.ActiveCfg = Debug|x64
		{7A04226C-B29C-4599-80B9-633630CD8C76}.Debug|x64.Build.0 = Debug|x64
		{7A04226C-B29C-4599-80B9-633630CD8C76}.Debug|x86.ActiveCfg = Debug|x86
		{7A04226C-B29C-4599-80B9-633630CD8C76}.Debug|x86.Build.0 = Debug|x86
		{7A04226C-B29C-4599-80B9-633630CD8C76}.Release|Any CPU.ActiveCfg = Release|Any CPU
		{7A04226C-B29C-4599-80B9-633630CD8C76}.Release|Any CPU.Build.0 = Release|Any CPU
		{7A04226C-B29C-4599-80B9-633630CD8C76}.Release|ARM.ActiveCfg = Release|ARM
		{7A04226C-B29C-4599-80B9-633630CD8C76}.Release|ARM.Build.0 = Release|ARM
		{7A04226C-B29C-4599-80B9-633630CD8C76}.Release|x64.ActiveCfg = Release|x64
		{7A04226C-B29C-4599-80B9-633630CD8C76}.Release|x64.Build.0 = Release|x64
		{7A04226C-B29C-4599-80B9-633630CD8C76}.Release|x86.ActiveCfg = Release|x86
		{7A04226C-B29C-4599-80B9-633630CD8C76}.Release|x86.Build.0 = Release|x86
		{F552F2A1-E994-4280-9A0D-72E1C88EEB49}.Debug|Any CPU.ActiveCfg = Debug|x86
		{F552F2A1-E994-4280-9A0D-72E1C88EEB49}.Debug|ARM.ActiveCfg = Debug|ARM
		{F552F2A1-E994-4280-9A0D-72E1C88EEB49}.Debug|ARM.Build.0 = Debug|ARM
		{F552F2A1-E994-4280-9A0D-72E1C88EEB49}.Debug|ARM.Deploy.0 = Debug|ARM
		{F552F2A1-E994-4280-9A0D-72E1C88EEB49}.Debug|x64.ActiveCfg = Debug|x64
		{F552F2A1-E994-4280-9A0D-72E1C88EEB49}.Debug|x64.Build.0 = Debug|x64
		{F552F2A1-E994-4280-9A0D-72E1C88EEB49}.Debug|x64.Deploy.0 = Debug|x64
		{F552F2A1-E994-4280-9A0D-72E1C88EEB49}.Debug|x86.ActiveCfg = Debug|x86
		{F552F2A1-E994-4280-9A0D-72E1C88EEB49}.Debug|x86.Build.0 = Debug|x86
		{F552F2A1-E994-4280-9A0D-72E1C88EEB49}.Debug|x86.Deploy.0 = Debug|x86
		{F552F2A1-E994-4280-9A0D-72E1C88EEB49}.Release|Any CPU.ActiveCfg = Release|x86
		{F552F2A1-E994-4280-9A0D-72E1C88EEB49}.Release|ARM.ActiveCfg = Release|ARM
		{F552F2A1-E994-4280-9A0D-72E1C88EEB49}.Release|ARM.Build.0 = Release|ARM
		{F552F2A1-E994-4280-9A0D-72E1C88EEB49}.Release|ARM.Deploy.0 = Release|ARM
		{F552F2A1-E994-4280-9A0D-72E1C88EEB49}.Release|x64.ActiveCfg = Release|x64
		{F552F2A1-E994-4280-9A0D-72E1C88EEB49}.Release|x64.Build.0 = Release|x64
		{F552F2A1-E994-4280-9A0D-72E1C88EEB49}.Release|x64.Deploy.0 = Release|x64
		{F552F2A1-E994-4280-9A0D-72E1C88EEB49}.Release|x86.ActiveCfg = Release|x86
		{F552F2A1-E994-4280-9A0D-72E1C88EEB49}.Release|x86.Build.0 = Release|x86
		{F552F2A1-E994-4280-9A0D-72E1C88EEB49}.Release|x86.Deploy.0 = Release|x86
		{4FED895A-68B6-4E27-BD19-CCB05A5A36DC}.Debug|Any CPU.ActiveCfg = Debug|Any CPU
		{4FED895A-68B6-4E27-BD19-CCB05A5A36DC}.Debug|Any CPU.Build.0 = Debug|Any CPU
		{4FED895A-68B6-4E27-BD19-CCB05A5A36DC}.Debug|ARM.ActiveCfg = Debug|Any CPU
		{4FED895A-68B6-4E27-BD19-CCB05A5A36DC}.Debug|ARM.Build.0 = Debug|Any CPU
		{4FED895A-68B6-4E27-BD19-CCB05A5A36DC}.Debug|x64.ActiveCfg = Debug|Any CPU
		{4FED895A-68B6-4E27-BD19-CCB05A5A36DC}.Debug|x64.Build.0 = Debug|Any CPU
		{4FED895A-68B6-4E27-BD19-CCB05A5A36DC}.Debug|x86.ActiveCfg = Debug|Any CPU
		{4FED895A-68B6-4E27-BD19-CCB05A5A36DC}.Debug|x86.Build.0 = Debug|Any CPU
		{4FED895A-68B6-4E27-BD19-CCB05A5A36DC}.Release|Any CPU.ActiveCfg = Release|Any CPU
		{4FED895A-68B6-4E27-BD19-CCB05A5A36DC}.Release|Any CPU.Build.0 = Release|Any CPU
		{4FED895A-68B6-4E27-BD19-CCB05A5A36DC}.Release|ARM.ActiveCfg = Release|Any CPU
		{4FED895A-68B6-4E27-BD19-CCB05A5A36DC}.Release|ARM.Build.0 = Release|Any CPU
		{4FED895A-68B6-4E27-BD19-CCB05A5A36DC}.Release|x64.ActiveCfg = Release|Any CPU
		{4FED895A-68B6-4E27-BD19-CCB05A5A36DC}.Release|x64.Build.0 = Release|Any CPU
		{4FED895A-68B6-4E27-BD19-CCB05A5A36DC}.Release|x86.ActiveCfg = Release|Any CPU
		{4FED895A-68B6-4E27-BD19-CCB05A5A36DC}.Release|x86.Build.0 = Release|Any CPU
	EndGlobalSection
	GlobalSection(SolutionProperties) = preSolution
		HideSolutionNode = FALSE
	EndGlobalSection
EndGlobal
